github.com/lllk140/gh2 v0.0.0-20221026060024-a9b1a64405a9 h1:0Ge9FkUjVVTN9rpJdgcYplwt5bF77lPbSCeAFlQh64I=
github.com/lllk140/gh2 v0.0.0-20221026060024-a9b1a64405a9/go.mod h1:AWVkaYwG+kJAHXtRBsxk2G9pF3fhnFUzsVaCfBSNCkI=
golang.org/x/net v0.1.0 h1:hZ/3BUoy5aId7sCpA/Tc5lt8DkFgdVS2onTpJsZ/fl0=
golang.org/x/net v0.1.0/go.mod h1:Cx3nUiGt4eDBEyega/BKRp+/AlGL8hYe7U9odMt2Cco=
golang.org/x/text v0.4.0 h1:BrVqGRd7+k1DiOgtnFvAkoQEWQvBc25ouMJM6429SFg=
golang.org/x/text v0.4.0/go.mod h1:mrYo+phRRbMaCq/xk9113O4dZlRixOauAjOtrjsXDZ8=
